
Microsoft Visual Studio Solution File, Format Version 12.00
# Visual Studio Version 17
VisualStudioVersion = 17.3.32922.545
MinimumVisualStudioVersion = 10.0.40219.1
Project("{FAE04EC0-301F-11D3-BF4B-00C04F79EFBC}") = "OopsProject", "OopsProject.csproj", "{EEBE7A23-C631-44BB-B8B9-D4A6D242CBC7}"
EndProject
Global
	GlobalSection(SolutionConfigurationPlatforms) = preSolution
		Debug|Any CPU = Debug|Any CPU
		Release|Any CPU = Release|Any CPU
	EndGlobalSection
	GlobalSection(ProjectConfigurationPlatforms) = postSolution
		{EEBE7A23-C631-44BB-B8B9-D4A6D242CBC7}.Debug|Any CPU.ActiveCfg = Debug|Any CPU
		{EEBE7A23-C631-44BB-B8B9-D4A6D242CBC7}.Debug|Any CPU.Build.0 = Debug|Any CPU
		{EEBE7A23-C631-44BB-B8B9-D4A6D242CBC7}.Release|Any CPU.ActiveCfg = Release|Any CPU
		{EEBE7A23-C631-44BB-B8B9-D4A6D242CBC7}.Release|Any CPU.Build.0 = Release|Any CPU
	EndGlobalSection
	GlobalSection(SolutionProperties) = preSolution
		HideSolutionNode = FALSE
	EndGlobalSection
	GlobalSection(ExtensibilityGlobals) = postSolution
		SolutionGuid = {E4EE1A5F-3E76-4AC4-81E5-20201DB3DCD9}
	EndGlobalSection
EndGlobal
